{
  "object": {
    "pins": [
      {
        "package": "Alamofire",
        "repositoryURL": "https://github.com/Alamofire/Alamofire.git",
        "state": {
          "branch": null,
          "revision": "e16d3481f5ed35f0472cb93350085853d754913f",
          "version": "5.10.1"
        }
      },
      {
        "package": "AnyCodable",
        "repositoryURL": "https://github.com/Flight-School/AnyCodable",
        "state": {
          "branch": null,
          "revision": "862808b2070cd908cb04f9aafe7de83d35f81b05",
          "version": "0.6.7"
        }
      },
      {
        "package": "PowerSyncSQLiteCore",
        "repositoryURL": "https://github.com/powersync-ja/powersync-sqlite-core-swift.git",
        "state": {
          "branch": null,
          "revision": "6aaa0606d8053fe2e2f57015a8a275c0440ee643",
          "version": "0.3.4"
        }
      },
      {
        "package": "Supabase",
        "repositoryURL": "https://github.com/supabase-community/supabase-swift.git",
        "state": {
          "branch": null,
          "revision": "8f5b94f6a7a35305ccc1726f2f8f9d415ee2ec50",
          "version": "2.20.4"
        }
      },
      {
        "package": "swift-asn1",
        "repositoryURL": "https://github.com/apple/swift-asn1.git",
        "state": {
          "branch": null,
          "revision": "7faebca1ea4f9aaf0cda1cef7c43aecd2311ddf6",
          "version": "1.3.0"
        }
      },
      {
        "package": "swift-case-paths",
        "repositoryURL": "https://github.com/pointfreeco/swift-case-paths",
        "state": {
          "branch": null,
          "revision": "bc92c4b27f9a84bfb498cdbfdf35d5a357e9161f",
          "version": "1.5.6"
        }
      },
      {
        "package": "swift-collections",
        "repositoryURL": "https://github.com/apple/swift-collections",
        "state": {
          "branch": null,
          "revision": "671108c96644956dddcd89dd59c203dcdb36cec7",
          "version": "1.1.4"
        }
      },
      {
        "package": "swift-concurrency-extras",
        "repositoryURL": "https://github.com/pointfreeco/swift-concurrency-extras",
        "state": {
          "branch": null,
          "revision": "6054df64b55186f08b6d0fd87152081b8ad8d613",
          "version": "1.2.0"
        }
      },
      {
        "package": "swift-crypto",
        "repositoryURL": "https://github.com/apple/swift-crypto.git",
        "state": {
          "branch": null,
          "revision": "21f7878f2b39d46fd8ba2b06459ccb431cdf876c",
          "version": "3.8.1"
        }
      },
      {
        "package": "swift-custom-dump",
        "repositoryURL": "https://github.com/pointfreeco/swift-custom-dump",
        "state": {
          "branch": null,
          "revision": "82645ec760917961cfa08c9c0c7104a57a0fa4b1",
          "version": "1.3.3"
        }
      },
      {
        "package": "swift-dotenv",
        "repositoryURL": "https://github.com/thebarndog/swift-dotenv.git",
        "state": {
          "branch": null,
          "revision": "d13062940a3cdb2b13efa22ecc83b07b21c2e8dc",
          "version": "2.1.0"
        }
      },
      {
        "package": "swift-http-types",
        "repositoryURL": "https://github.com/apple/swift-http-types.git",
        "state": {
          "branch": null,
          "revision": "ae67c8178eb46944fd85e4dc6dd970e1f3ed6ccd",
          "version": "1.3.0"
        }
      },
      {
        "package": "swift-identified-collections",
        "repositoryURL": "https://github.com/pointfreeco/swift-identified-collections",
        "state": {
          "branch": null,
          "revision": "2f5ab6e091dd032b63dacbda052405756010dc3b",
          "version": "1.1.0"
        }
      },
      {
        "package": "swift-syntax",
        "repositoryURL": "https://github.com/swiftlang/swift-syntax",
        "state": {
          "branch": null,
          "revision": "0687f71944021d616d34d922343dcef086855920",
          "version": "600.0.1"
        }
      },
      {
        "package": "swiftui-navigation",
        "repositoryURL": "https://github.com/pointfreeco/swiftui-navigation",
        "state": {
          "branch": null,
          "revision": "e628806aeaa9efe25c1abcd97931a7c498fab281",
          "version": "1.5.5"
        }
      },
      {
        "package": "xctest-dynamic-overlay",
        "repositoryURL": "https://github.com/pointfreeco/xctest-dynamic-overlay",
        "state": {
          "branch": null,
          "revision": "770f990d3e4eececb57ac04a6076e22f8c97daeb",
          "version": "1.4.2"
        }
      }
    ]
  },
  "version": 1
}
